
Microsoft Visual Studio Solution File, Format Version 12.00
# Visual Studio Version 16
VisualStudioVersion = 16.0.31005.135
MinimumVisualStudioVersion = 10.0.40219.1
Project("{FAE04EC0-301F-11D3-BF4B-00C04F79EFBC}") = "SimiSoft.DAL", "SimiSoft.DAL\SimiSoft.DAL.csproj", "{6E612D08-7E2B-4097-8938-B352C4EFA38A}"
EndProject
Project("{FAE04EC0-301F-11D3-BF4B-00C04F79EFBC}") = "SimiSoft.BML", "SimiSoft.BML\SimiSoft.BML.csproj", "{4A827FFD-24F9-4EA9-AD45-5C5FB87D9DD5}"
EndProject
Project("{FAE04EC0-301F-11D3-BF4B-00C04F79EFBC}") = "SimiSoft", "SimiSoft2\SimiSoft.csproj", "{79A20ABE-9CFD-4D93-AB4A-9B1091289002}"
EndProject
Global
	GlobalSection(SolutionConfigurationPlatforms) = preSolution
		Debug|Any CPU = Debug|Any CPU
		Release|Any CPU = Release|Any CPU
	EndGlobalSection
	GlobalSection(ProjectConfigurationPlatforms) = postSolution
		{6E612D08-7E2B-4097-8938-B352C4EFA38A}.Debug|Any CPU.ActiveCfg = Debug|Any CPU
		{6E612D08-7E2B-4097-8938-B352C4EFA38A}.Debug|Any CPU.Build.0 = Debug|Any CPU
		{6E612D08-7E2B-4097-8938-B352C4EFA38A}.Release|Any CPU.ActiveCfg = Release|Any CPU
		{6E612D08-7E2B-4097-8938-B352C4EFA38A}.Release|Any CPU.Build.0 = Release|Any CPU
		{4A827FFD-24F9-4EA9-AD45-5C5FB87D9DD5}.Debug|Any CPU.ActiveCfg = Debug|Any CPU
		{4A827FFD-24F9-4EA9-AD45-5C5FB87D9DD5}.Debug|Any CPU.Build.0 = Debug|Any CPU
		{4A827FFD-24F9-4EA9-AD45-5C5FB87D9DD5}.Release|Any CPU.ActiveCfg = Release|Any CPU
		{4A827FFD-24F9-4EA9-AD45-5C5FB87D9DD5}.Release|Any CPU.Build.0 = Release|Any CPU
		{79A20ABE-9CFD-4D93-AB4A-9B1091289002}.Debug|Any CPU.ActiveCfg = Debug|Any CPU
		{79A20ABE-9CFD-4D93-AB4A-9B1091289002}.Debug|Any CPU.Build.0 = Debug|Any CPU
		{79A20ABE-9CFD-4D93-AB4A-9B1091289002}.Release|Any CPU.ActiveCfg = Release|Any CPU
		{79A20ABE-9CFD-4D93-AB4A-9B1091289002}.Release|Any CPU.Build.0 = Release|Any CPU
	EndGlobalSection
	GlobalSection(SolutionProperties) = preSolution
		HideSolutionNode = FALSE
	EndGlobalSection
	GlobalSection(ExtensibilityGlobals) = postSolution
		SolutionGuid = {D8BA9EE3-B2D4-4640-91C0-A48FFC79307B}
	EndGlobalSection
EndGlobal
